{
  "name": "gus-ui-test-project",
  "version": "1.0.0",
  "lockfileVersion": 2,
  "requires": true,
  "packages": {
    "": {
      "name": "gus-ui-test-project",
      "version": "1.0.0",
      "license": "MIT",
      "dependencies": {
        "gus-ui": "^1.0.12"
      }
    },
    "node_modules/gus-ui": {
      "version": "1.0.16",
      "resolved": "https://registry.npmjs.org/gus-ui/-/gus-ui-1.0.16.tgz",
      "integrity": "sha512-mBxgAmS5GEthPAaLdX1ZW9+wg3aqptHwWmP+7IZt7noF1KthfwXDecsCnYN/WpKd0/Lv3r9jmvry7c+iDbsNhQ=="
    }
  },
  "dependencies": {
    "gus-ui": {
      "version": "1.0.16",
      "resolved": "https://registry.npmjs.org/gus-ui/-/gus-ui-1.0.16.tgz",
      "integrity": "sha512-mBxgAmS5GEthPAaLdX1ZW9+wg3aqptHwWmP+7IZt7noF1KthfwXDecsCnYN/WpKd0/Lv3r9jmvry7c+iDbsNhQ=="
    }
  }
}
